
Microsoft Visual Studio Solution File, Format Version 12.00
# Visual Studio Version 16
VisualStudioVersion = 16.0.30406.217
MinimumVisualStudioVersion = 10.0.40219.1
Project("{FAE04EC0-301F-11D3-BF4B-00C04F79EFBC}") = "ConsoleApp5", "ConsoleApp5\ConsoleApp5.csproj", "{CF19DC26-A3F8-4922-8287-26ACCD76E62C}"
EndProject
Global
	GlobalSection(SolutionConfigurationPlatforms) = preSolution
		Debug|Any CPU = Debug|Any CPU
		Release|Any CPU = Release|Any CPU
	EndGlobalSection
	GlobalSection(ProjectConfigurationPlatforms) = postSolution
		{CF19DC26-A3F8-4922-8287-26ACCD76E62C}.Debug|Any CPU.ActiveCfg = Debug|Any CPU
		{CF19DC26-A3F8-4922-8287-26ACCD76E62C}.Debug|Any CPU.Build.0 = Debug|Any CPU
		{CF19DC26-A3F8-4922-8287-26ACCD76E62C}.Release|Any CPU.ActiveCfg = Release|Any CPU
		{CF19DC26-A3F8-4922-8287-26ACCD76E62C}.Release|Any CPU.Build.0 = Release|Any CPU
	EndGlobalSection
	GlobalSection(SolutionProperties) = preSolution
		HideSolutionNode = FALSE
	EndGlobalSection
	GlobalSection(ExtensibilityGlobals) = postSolution
		SolutionGuid = {EBC0F113-05D8-4044-953A-D23B0E415F59}
	EndGlobalSection
EndGlobal
